# This file may be used to create an environment using:
# $ conda create --name <env> --file <this file>
# platform: osx-arm64
# created-by: conda 26.3.2
@EXPLICIT
https://conda.anaconda.org/conda-forge/osx-arm64/bzip2-1.0.8-h4e30115_10.conda#b50612e7d190b8061ab4e7dc119cf4d5
https://conda.anaconda.org/conda-forge/noarch/ca-certificates-2026.7.22-hbd8a1cb_0.conda#0f51e2391ade309db462a55611263e9c
https://conda.anaconda.org/conda-forge/osx-arm64/icu-78.3-py310h579977c_2.conda#a5efc0b42bb8b42e97d0a29ae3e3c187
https://conda.anaconda.org/conda-forge/osx-arm64/libexpat-2.8.1-hf6b4638_1.conda#a915151d5d3c5bf039f5ccc8402a436f
https://conda.anaconda.org/conda-forge/osx-arm64/libffi-3.7.0-hcf2aa1b_0.conda#92e8690d170d46d768c32553458c0105
https://conda.anaconda.org/conda-forge/osx-arm64/liblzma-5.8.3-h8088a28_1.conda#8ab10323068b107661a4b9a4af84f3b5
https://conda.anaconda.org/conda-forge/osx-arm64/libzlib-1.3.2-h8088a28_3.conda#f39288f0ea63ae962e1a2e4f355a0d75
https://conda.anaconda.org/conda-forge/osx-arm64/ncurses-6.6-he64c551_1.conda#3dfa0d0316dc246cd44937a557de4501
https://conda.anaconda.org/conda-forge/noarch/tzdata-2026c-h151e31d_0.conda#fcb489df604d100968b737f2cb6076c6
https://conda.anaconda.org/conda-forge/osx-arm64/libsqlite-3.53.4-h1ae2325_0.conda#0e3477c0c3e718dcf2eb74ccc8f68570
https://conda.anaconda.org/conda-forge/osx-arm64/openssl-3.6.3-hd24854e_1.conda#65d1906712b85d1679263c518d011b5b
https://conda.anaconda.org/conda-forge/osx-arm64/readline-8.3-h46df422_0.conda#f8381319127120ce51e081dce4865cf4
https://conda.anaconda.org/conda-forge/osx-arm64/tk-8.6.13-hd3d0363_3.conda#8e3cf0e455e6b54519f0b1c72c61780a
https://conda.anaconda.org/conda-forge/osx-arm64/python-3.11.15-hd1323d7_2_cpython.conda#1c6a71c121ce3161d78b9702948a674c
https://conda.anaconda.org/conda-forge/noarch/packaging-26.3-pyhc364b38_0.conda#936687ed80f295a1f5dbcf8bd34c252c
https://conda.anaconda.org/conda-forge/noarch/setuptools-84.0.0-pyh332efcf_0.conda#62ac906f1cd582c6c264c95625cb9d6f
https://conda.anaconda.org/conda-forge/noarch/wheel-0.48.0-pyhd8ed1ab_0.conda#9a2124517bfd5d792e0f7b86eefdfeb8
https://conda.anaconda.org/conda-forge/noarch/pip-26.2.1-pyh8b19718_0.conda#77b6cf3b0689d9fc68561df0db9b856d
